
Microsoft Visual Studio Solution File, Format Version 12.00
# Visual Studio Version 17
VisualStudioVersion = 17.9.34622.214
MinimumVisualStudioVersion = 10.0.40219.1
Project("{FAE04EC0-301F-11D3-BF4B-00C04F79EFBC}") = "ClimbingChroniclesApp", "ClimbingChroniclesApp\ClimbingChroniclesApp.csproj", "{D6EA345D-2813-4ED4-A7E9-B84209032CC9}"
EndProject
Global
	GlobalSection(SolutionConfigurationPlatforms) = preSolution
		Debug|Any CPU = Debug|Any CPU
		Release|Any CPU = Release|Any CPU
	EndGlobalSection
	GlobalSection(ProjectConfigurationPlatforms) = postSolution
		{D6EA345D-2813-4ED4-A7E9-B84209032CC9}.Debug|Any CPU.ActiveCfg = Debug|Any CPU
		{D6EA345D-2813-4ED4-A7E9-B84209032CC9}.Debug|Any CPU.Build.0 = Debug|Any CPU
		{D6EA345D-2813-4ED4-A7E9-B84209032CC9}.Release|Any CPU.ActiveCfg = Release|Any CPU
		{D6EA345D-2813-4ED4-A7E9-B84209032CC9}.Release|Any CPU.Build.0 = Release|Any CPU
	EndGlobalSection
	GlobalSection(SolutionProperties) = preSolution
		HideSolutionNode = FALSE
	EndGlobalSection
	GlobalSection(ExtensibilityGlobals) = postSolution
		SolutionGuid = {89FBD44F-0E32-4BDF-88DB-C858BE0AB667}
	EndGlobalSection
EndGlobal
